<?xml version="1.0" encoding="utf-8"?>
<Project ToolsVersion="4.0" xmlns="http://schemas.microsoft.com/developer/msbuild/2003">
  <ItemGroup>
    <Filter Include="Source Files">
      <UniqueIdentifier>{4FC737F1-C7A5-4376-A066-2A32D752A2FF}</UniqueIdentifier>
      <Extensions>cpp;c;cc;cxx;c++;cppm;ixx;def;odl;idl;hpj;bat;asm;asmx</Extensions>
    </Filter>
    <Filter Include="Header Files">
      <UniqueIdentifier>{93995380-89BD-4b04-88EB-625FBE52EBFB}</UniqueIdentifier>
      <Extensions>h;hh;hpp;hxx;h++;hm;inl;inc;ipp;xsd</Extensions>
    </Filter>
    <Filter Include="Resource Files">
      <UniqueIdentifier>{67DA6AB6-F800-4c08-8B7A-83BB121AAD01}</UniqueIdentifier>
      <Extensions>rc;ico;cur;bmp;dlg;rc2;rct;bin;rgs;gif;jpg;jpeg;jpe;resx;tiff;tif;png;wav;mfcribbon-ms</Extensions>
    </Filter>
    <Filter Include="Resource Files\Shaders">
      <UniqueIdentifier>{4379c9f8-cd41-498a-925b-cd5488c7022f}</UniqueIdentifier>
    </Filter>
    <Filter Include="Resource Files\Textures">
      <UniqueIdentifier>{edcf86d3-faa9-42a3-985f-ca94da62c748}</UniqueIdentifier>
    </Filter>
    <Filter Include="Resource Files\Models">
      <UniqueIdentifier>{a8d2375c-dd53-4d74-9fc4-f09f8c1e04ee}</UniqueIdentifier>
    </Filter>
    <Filter Include="Source Files\UObjects">
      <UniqueIdentifier>{39129e6b-960a-42ec-a7e8-15a7c9798379}</UniqueIdentifier>
    </Filter>
    <Filter Include="Header Files\UObjects">
      <UniqueIdentifier>{13d4b96a-26f7-4d5f-a421-ab03c7584640}</UniqueIdentifier>
    </Filter>
    <Filter Include="Source Files\Low">
      <UniqueIdentifier>{b41fbc4c-4915-444f-9588-4c278b8a08a8}</UniqueIdentifier>
    </Filter>
    <Filter Include="Header Files\Low">
      <UniqueIdentifier>{a9e3e95c-d57e-4762-8c0a-19822a6d1383}</UniqueIdentifier>
    </Filter>
    <Filter Include="Header Files\AActors">
      <UniqueIdentifier>{22e5ec66-7d07-4de1-9f1d-62528ba1c12a}</UniqueIdentifier>
    </Filter>
  </ItemGroup>
  <ItemGroup>
    <ClCompile Include="glad.c">
      <Filter>Source Files</Filter>
    </ClCompile>
    <ClCompile Include="main.cpp">
      <Filter>Source Files</Filter>
    </ClCompile>
    <ClCompile Include="Data.cpp">
      <Filter>Source Files</Filter>
    </ClCompile>
    <ClCompile Include="Actor.cpp">
      <Filter>Source Files</Filter>
    </ClCompile>
    <ClCompile Include="UObject.cpp">
      <Filter>Source Files\UObjects</Filter>
    </ClCompile>
    <ClCompile Include="USceneComponent.cpp">
      <Filter>Source Files\UObjects</Filter>
    </ClCompile>
    <ClCompile Include="UStaticMeshComponent.cpp">
      <Filter>Source Files\UObjects</Filter>
    </ClCompile>
    <ClCompile Include="UModel.cpp">
      <Filter>Source Files\UObjects</Filter>
    </ClCompile>
    <ClCompile Include="UTexture.cpp">
      <Filter>Source Files\UObjects</Filter>
    </ClCompile>
    <ClCompile Include="UStaticMesh.cpp">
      <Filter>Source Files\UObjects</Filter>
    </ClCompile>
    <ClCompile Include="UInstancedStaticMeshComponent.cpp">
      <Filter>Source Files\UObjects</Filter>
    </ClCompile>
    <ClCompile Include="EBO.cpp">
      <Filter>Source Files\Low</Filter>
    </ClCompile>
    <ClCompile Include="Shader.cpp">
      <Filter>Source Files\Low</Filter>
    </ClCompile>
    <ClCompile Include="VAO.cpp">
      <Filter>Source Files\Low</Filter>
    </ClCompile>
    <ClCompile Include="VBO.cpp">
      <Filter>Source Files\Low</Filter>
    </ClCompile>
    <ClCompile Include="stb.cpp">
      <Filter>Source Files\Low</Filter>
    </ClCompile>
    <ClCompile Include="UCamera.cpp">
      <Filter>Source Files\UObjects</Filter>
    </ClCompile>
    <ClCompile Include="UActorComponent.cpp">
      <Filter>Source Files\UObjects</Filter>
    </ClCompile>
  </ItemGroup>
  <ItemGroup>
    <None Include="default.vert">
      <Filter>Resource Files\Shaders</Filter>
    </None>
    <None Include="default.frag">
      <Filter>Resource Files\Shaders</Filter>
    </None>
    <None Include="light.frag">
      <Filter>Resource Files\Shaders</Filter>
    </None>
    <None Include="light.vert">
      <Filter>Resource Files\Shaders</Filter>
    </None>
  </ItemGroup>
  <ItemGroup>
    <ClInclude Include="WorldTimeHandler.h">
      <Filter>Header Files</Filter>
    </ClInclude>
    <ClInclude Include="FuncLib.h">
      <Filter>Header Files</Filter>
    </ClInclude>
    <ClInclude Include="Data.h">
      <Filter>Header Files</Filter>
    </ClInclude>
    <ClInclude Include="USceneComponent.h">
      <Filter>Header Files\UObjects</Filter>
    </ClInclude>
    <ClInclude Include="UInstancedStaticMeshComponent.h">
      <Filter>Header Files\UObjects</Filter>
    </ClInclude>
    <ClInclude Include="UMaterial.h">
      <Filter>Header Files\UObjects</Filter>
    </ClInclude>
    <ClInclude Include="UObject.h">
      <Filter>Header Files\UObjects</Filter>
    </ClInclude>
    <ClInclude Include="UStaticMesh.h">
      <Filter>Header Files\UObjects</Filter>
    </ClInclude>
    <ClInclude Include="UStaticMeshComponent.h">
      <Filter>Header Files\UObjects</Filter>
    </ClInclude>
    <ClInclude Include="UModel.h">
      <Filter>Header Files\UObjects</Filter>
    </ClInclude>
    <ClInclude Include="UTexture.h">
      <Filter>Header Files\UObjects</Filter>
    </ClInclude>
    <ClInclude Include="EBO.h">
      <Filter>Header Files\Low</Filter>
    </ClInclude>
    <ClInclude Include="Shader.h">
      <Filter>Header Files\Low</Filter>
    </ClInclude>
    <ClInclude Include="VAO.h">
      <Filter>Header Files\Low</Filter>
    </ClInclude>
    <ClInclude Include="VBO.h">
      <Filter>Header Files\Low</Filter>
    </ClInclude>
    <ClInclude Include="UCamera.h">
      <Filter>Header Files\UObjects</Filter>
    </ClInclude>
    <ClInclude Include="AActor.h">
      <Filter>Header Files\AActors</Filter>
    </ClInclude>
    <ClInclude Include="UActorComponent.h">
      <Filter>Header Files\UObjects</Filter>
    </ClInclude>
  </ItemGroup>
  <ItemGroup>
    <Image Include="GrassBlock.png">
      <Filter>Resource Files\Textures</Filter>
    </Image>
    <Image Include="Planks_BaseColor.png">
      <Filter>Resource Files\Textures</Filter>
    </Image>
    <Image Include="Planks_Roughness.png">
      <Filter>Resource Files\Textures</Filter>
    </Image>
    <Image Include="Grass.png">
      <Filter>Resource Files\Textures</Filter>
    </Image>
    <Image Include="Sword_BaseColor.png">
      <Filter>Resource Files\Textures</Filter>
    </Image>
    <Image Include="Sword_Roughness.png">
      <Filter>Resource Files\Textures</Filter>
    </Image>
  </ItemGroup>
  <ItemGroup>
    <Text Include="Object.txt">
      <Filter>Resource Files\Models</Filter>
    </Text>
    <Text Include="Sword.txt">
      <Filter>Resource Files\Models</Filter>
    </Text>
    <Text Include="Cube.txt">
      <Filter>Resource Files\Models</Filter>
    </Text>
    <Text Include="Grass.txt">
      <Filter>Resource Files\Models</Filter>
    </Text>
  </ItemGroup>
</Project>